github.com/mitchellh/go-ps v0.0.0-20170309133038-4fdf99ab2936 h1:kw1v0NlnN+GZcU8Ma8CLF2Zzgjfx95gs3/GN3vYAPpo=
github.com/mitchellh/go-ps v0.0.0-20170309133038-4fdf99ab2936/go.mod h1:r1VsdOzOPt1ZSrGZWFoNhsAedKnEd6r9Np1+5blZCWk=
github.com/xaevman/app v0.0.0-20190208024703-544c5d335566 h1:aRdAfXMG18xYmgt6mxfxwol/2mEaqLqEkrrVdU1S+Es=
github.com/xaevman/app v0.0.0-20190208024703-544c5d335566/go.mod h1:g2BbyvW9yn8YwhKGV7gerVE1ILiIEK5DAKxuLbD9FTo=
github.com/xaevman/log v0.0.0-20190217050130-f8c4e5ea0d75 h1:QHAaalCoil5IX0WvNbfdkHgttyhcmyom9H32wigOsn0=
github.com/xaevman/log v0.0.0-20190217050130-f8c4e5ea0d75/go.mod h1:rZdxksh3ys8YDP7jcWBRHhB6C81kmmI4bM8ToqRJDjA=
